
Microsoft Visual Studio Solution File, Format Version 12.00
# Visual Studio Version 17
VisualStudioVersion = 17.9.34701.34
MinimumVisualStudioVersion = 10.0.40219.1
Project("{9A19103F-16F7-4668-BE54-9A1E7A4F7556}") = "Storage", "Storage.csproj", "{0FEC3743-2109-4D31-91DE-593F59F7FF68}"
EndProject
Project("{9A19103F-16F7-4668-BE54-9A1E7A4F7556}") = "Model", "..\Model\Model.csproj", "{00085D0F-B24A-4025-A436-804D10F15458}"
EndProject
Global
	GlobalSection(SolutionConfigurationPlatforms) = preSolution
		Debug|Any CPU = Debug|Any CPU
		Release|Any CPU = Release|Any CPU
	EndGlobalSection
	GlobalSection(ProjectConfigurationPlatforms) = postSolution
		{0FEC3743-2109-4D31-91DE-593F59F7FF68}.Debug|Any CPU.ActiveCfg = Debug|Any CPU
		{0FEC3743-2109-4D31-91DE-593F59F7FF68}.Debug|Any CPU.Build.0 = Debug|Any CPU
		{0FEC3743-2109-4D31-91DE-593F59F7FF68}.Release|Any CPU.ActiveCfg = Release|Any CPU
		{0FEC3743-2109-4D31-91DE-593F59F7FF68}.Release|Any CPU.Build.0 = Release|Any CPU
		{00085D0F-B24A-4025-A436-804D10F15458}.Debug|Any CPU.ActiveCfg = Debug|Any CPU
		{00085D0F-B24A-4025-A436-804D10F15458}.Debug|Any CPU.Build.0 = Debug|Any CPU
		{00085D0F-B24A-4025-A436-804D10F15458}.Release|Any CPU.ActiveCfg = Release|Any CPU
		{00085D0F-B24A-4025-A436-804D10F15458}.Release|Any CPU.Build.0 = Release|Any CPU
	EndGlobalSection
	GlobalSection(SolutionProperties) = preSolution
		HideSolutionNode = FALSE
	EndGlobalSection
	GlobalSection(ExtensibilityGlobals) = postSolution
		SolutionGuid = {0D497438-8286-41BE-8FA0-2DFE88EE5682}
	EndGlobalSection
EndGlobal
